
Microsoft Visual Studio Solution File, Format Version 12.00
# Visual Studio Version 17
VisualStudioVersion = 17.5.33502.453
MinimumVisualStudioVersion = 10.0.40219.1
Project("{8BC9CEB8-8B4A-11D0-8D11-00A0C91BC942}") = "ImgeList", "ImgeList.vcxproj", "{E5DAAD10-ADD7-4041-9528-DED869DDB8FC}"
EndProject
Project("{8BC9CEB8-8B4A-11D0-8D11-00A0C91BC942}") = "TabCtrl", "..\TabCtrl\TabCtrl.vcxproj", "{EBD6A12C-F192-4193-A6BB-C7B6FB419597}"
EndProject
Project("{8BC9CEB8-8B4A-11D0-8D11-00A0C91BC942}") = "SpinButton", "..\SpinButton\SpinButton.vcxproj", "{7CC02B3E-D222-4385-9A15-CD3206D51C5B}"
EndProject
Project("{8BC9CEB8-8B4A-11D0-8D11-00A0C91BC942}") = "Progress", "..\Progress\Progress.vcxproj", "{A32885F9-4FA0-4F02-9291-AF41FC54918D}"
EndProject
Project("{8BC9CEB8-8B4A-11D0-8D11-00A0C91BC942}") = "ListViewTest", "..\ListViewTest\ListViewTest.vcxproj", "{79A05D60-714A-41A8-80A8-D2E63D12CB2F}"
EndProject
Project("{8BC9CEB8-8B4A-11D0-8D11-00A0C91BC942}") = "TreeViewTest", "..\TreeViewTest\TreeViewTest.vcxproj", "{7AEC7092-D834-406A-BBDC-A4203F15922D}"
EndProject
Project("{8BC9CEB8-8B4A-11D0-8D11-00A0C91BC942}") = "ScrollViewTest", "..\ScrollViewTest\ScrollViewTest.vcxproj", "{A5EB874E-797E-422E-B048-5CA7F1C5875B}"
EndProject
Project("{8BC9CEB8-8B4A-11D0-8D11-00A0C91BC942}") = "OptimizeScroll", "..\OptimizeScroll\OptimizeScroll.vcxproj", "{CE6D91AD-629A-4E65-835A-F67DED1C6777}"
EndProject
Project("{8BC9CEB8-8B4A-11D0-8D11-00A0C91BC942}") = "HtmlViewTest", "..\HtmlViewTest\HtmlViewTest.vcxproj", "{ECDAB192-C89C-47B5-9A34-5844EE4F74CF}"
EndProject
Project("{8BC9CEB8-8B4A-11D0-8D11-00A0C91BC942}") = "WebBrower", "..\WebBrower\WebBrower.vcxproj", "{0D6CDC64-9668-4B4C-A557-E387828B6F43}"
EndProject
Project("{8BC9CEB8-8B4A-11D0-8D11-00A0C91BC942}") = "WorkerThread1", "..\WorkerThread1\WorkerThread1.vcxproj", "{84DDEA18-6406-4017-8628-2F8A2926694A}"
EndProject
Project("{8BC9CEB8-8B4A-11D0-8D11-00A0C91BC942}") = "WorkerThread2", "..\WorkerThread2\WorkerThread2.vcxproj", "{D6CB9999-A10F-4061-A8DB-B65A861CC804}"
EndProject
Project("{8BC9CEB8-8B4A-11D0-8D11-00A0C91BC942}") = "UIThread", "..\UIThread\UIThread.vcxproj", "{27E545F1-8320-4FA2-B699-9CECC2B4F284}"
EndProject
Project("{8BC9CEB8-8B4A-11D0-8D11-00A0C91BC942}") = "CriticalSection", "..\CriticalSection\CriticalSection.vcxproj", "{687EFE97-873F-4890-A760-B69372E3BB9D}"
EndProject
Project("{8BC9CEB8-8B4A-11D0-8D11-00A0C91BC942}") = "Mutex", "..\Mutex\Mutex.vcxproj", "{20974DD4-F1EE-4FEA-BE00-A23FF8FF887F}"
EndProject
Project("{8BC9CEB8-8B4A-11D0-8D11-00A0C91BC942}") = "Event", "..\Event\Event.vcxproj", "{D44F80A6-F314-44D7-865D-8DFCD907BA2A}"
EndProject
Project("{8BC9CEB8-8B4A-11D0-8D11-00A0C91BC942}") = "Semaphore", "..\Semaphore\Semaphore.vcxproj", "{78F01226-691E-47B8-88D8-D1357970F677}"
EndProject
Project("{8BC9CEB8-8B4A-11D0-8D11-00A0C91BC942}") = "TCPServer1", "..\TCPServer1\TCPServer1.vcxproj", "{05E0F819-9A08-48AF-BE69-76FE667DB619}"
EndProject
Project("{8BC9CEB8-8B4A-11D0-8D11-00A0C91BC942}") = "TCPClient1", "..\TCPClient1\TCPClient1.vcxproj", "{1081806E-BE56-4251-8D70-FE8EA3B8F3D6}"
EndProject
Project("{8BC9CEB8-8B4A-11D0-8D11-00A0C91BC942}") = "TCPServer2", "..\TCPServer2\TCPServer2.vcxproj", "{460146FA-F493-4B03-A101-AC9076A4F0F6}"
EndProject
Project("{8BC9CEB8-8B4A-11D0-8D11-00A0C91BC942}") = "TCPClient2", "..\TCPClient2\TCPClient2.vcxproj", "{2E6369BD-1C9F-404D-9A93-F63C20205A25}"
EndProject
Project("{8BC9CEB8-8B4A-11D0-8D11-00A0C91BC942}") = "Calculator", "..\Calculator\Calculator.vcxproj", "{CA8EC574-4048-4943-BD27-E325C252CF02}"
EndProject
Project("{8BC9CEB8-8B4A-11D0-8D11-00A0C91BC942}") = "Win32Concave", "..\Win32Concave\Win32Concave.vcxproj", "{A4E73620-A2CC-4336-8BFF-9B73222DB3A8}"
EndProject
Project("{8BC9CEB8-8B4A-11D0-8D11-00A0C91BC942}") = "ExamChat", "..\ExamChat\ExamChat.vcxproj", "{868D9183-41CC-44B1-AFD3-9020D0A6662C}"
EndProject
Project("{8BC9CEB8-8B4A-11D0-8D11-00A0C91BC942}") = "AddDlg", "..\AddDlg\AddDlg.vcxproj", "{F1826735-84A1-49EE-8481-483C4A041CC6}"
EndProject
Project("{8BC9CEB8-8B4A-11D0-8D11-00A0C91BC942}") = "AddrArray", "..\AddrArray\AddrArray.vcxproj", "{F78D8402-33BF-4BBA-8D29-1C56D8112CC5}"
EndProject
Project("{8BC9CEB8-8B4A-11D0-8D11-00A0C91BC942}") = "Sound", "..\Sound\Sound.vcxproj", "{1BD030E6-900A-405B-A0F8-9460D2E26ECD}"
EndProject
Project("{8BC9CEB8-8B4A-11D0-8D11-00A0C91BC942}") = "Subclass", "..\Subclass\Subclass.vcxproj", "{C0BF57AE-1443-462F-8B50-9A598E504EE2}"
EndProject
Project("{8BC9CEB8-8B4A-11D0-8D11-00A0C91BC942}") = "ExamServer", "..\ExamServer\ExamServer.vcxproj", "{9B75299D-EDDE-42C4-9B92-5EEB73943C59}"
EndProject
Project("{8BC9CEB8-8B4A-11D0-8D11-00A0C91BC942}") = "PenAndBrush", "..\PenAndBrush\PenAndBrush.vcxproj", "{392BFA73-056C-4493-920A-C1B528B9FF45}"
EndProject
Project("{8BC9CEB8-8B4A-11D0-8D11-00A0C91BC942}") = "CoffeShop", "..\CoffeShop\CoffeShop.vcxproj", "{022E11D3-4E7D-452B-9CA3-FB7E1C6C0CC7}"
EndProject
Project("{8BC9CEB8-8B4A-11D0-8D11-00A0C91BC942}") = "RegistHotKey", "..\RegistHotKey\RegistHotKey.vcxproj", "{AE6A6C1A-350C-4242-983B-79083BA6702C}"
EndProject
Project("{8BC9CEB8-8B4A-11D0-8D11-00A0C91BC942}") = "NodePad", "..\NodePad\NodePad.vcxproj", "{E59D83EF-2BC0-4DED-A823-9D52DAA88176}"
EndProject
Project("{8BC9CEB8-8B4A-11D0-8D11-00A0C91BC942}") = "ValueServer", "..\ValueServer\ValueServer.vcxproj", "{5CD9C780-EFA0-41A7-8477-E089EA3A786A}"
EndProject
Project("{8BC9CEB8-8B4A-11D0-8D11-00A0C91BC942}") = "ValueClient", "..\ValueClient\ValueClient.vcxproj", "{285FA471-BF49-45FD-9A7A-B4831ABE6D14}"
EndProject
Project("{8BC9CEB8-8B4A-11D0-8D11-00A0C91BC942}") = "EditModify", "..\EditModify\EditModify.vcxproj", "{C5344781-6CE8-4E6C-8C85-D8BD539CEF89}"
EndProject
Project("{8BC9CEB8-8B4A-11D0-8D11-00A0C91BC942}") = "DlgMenu", "..\DlgMenu\DlgMenu.vcxproj", "{CFECF97E-2EC0-44EF-8598-C0906CDC18C9}"
EndProject
Project("{8BC9CEB8-8B4A-11D0-8D11-00A0C91BC942}") = "BinaryView", "..\BinaryView\BinaryView.vcxproj", "{903DC59C-1D3B-4A30-BA44-632F3F24AA72}"
EndProject
Project("{8BC9CEB8-8B4A-11D0-8D11-00A0C91BC942}") = "FindControl", "..\FindControl\FindControl.vcxproj", "{CC861165-4F22-457D-A0A8-20876FBDED85}"
EndProject
Project("{8BC9CEB8-8B4A-11D0-8D11-00A0C91BC942}") = "CircleMove", "..\CircleMove\CircleMove.vcxproj", "{58593B69-86AE-4A50-A449-1ECF98E9CDF2}"
EndProject
Project("{8BC9CEB8-8B4A-11D0-8D11-00A0C91BC942}") = "PopupMenu", "..\PopupMenu\PopupMenu.vcxproj", "{8AD79E1B-5C1B-4E22-AF4D-FDFD52F6607C}"
EndProject
Project("{8BC9CEB8-8B4A-11D0-8D11-00A0C91BC942}") = "FileDragDrop", "..\FileDragDrop\FileDragDrop.vcxproj", "{34FB018A-1B72-48DC-BBED-EB00546DE013}"
EndProject
Project("{8BC9CEB8-8B4A-11D0-8D11-00A0C91BC942}") = "FileManager", "..\FileManager\FileManager.vcxproj", "{17C295D5-3550-4D19-8785-AC13016C676D}"
EndProject
Project("{8BC9CEB8-8B4A-11D0-8D11-00A0C91BC942}") = "MouseWheel", "..\MouseWheel\MouseWheel.vcxproj", "{7D3159CB-4398-458F-817B-092EDC08F6FA}"
EndProject
Project("{8BC9CEB8-8B4A-11D0-8D11-00A0C91BC942}") = "MoveRect", "..\MoveRect\MoveRect.vcxproj", "{0531D31D-48B5-4E74-84C9-BF7EF6AB4CB1}"
EndProject
Project("{8BC9CEB8-8B4A-11D0-8D11-00A0C91BC942}") = "DragImage", "..\DragImage\DragImage.vcxproj", "{8D6FD81C-47F8-45CF-9F84-6A613FCC4B63}"
EndProject
Project("{8BC9CEB8-8B4A-11D0-8D11-00A0C91BC942}") = "ListControl", "..\ListControl\ListControl.vcxproj", "{89811DA5-0345-4E97-A11A-0954CB3BEB72}"
EndProject
Project("{8BC9CEB8-8B4A-11D0-8D11-00A0C91BC942}") = "FileExplor", "..\FileExplor\FileExplor.vcxproj", "{66390402-4684-421B-B960-7CD96CD2E1E5}"
EndProject
Project("{8BC9CEB8-8B4A-11D0-8D11-00A0C91BC942}") = "FileExplorer2", "..\FileExplorer2\FileExplorer2.vcxproj", "{5A1DEFDD-B530-4553-B492-15389028ABFE}"
EndProject
Global
	GlobalSection(SolutionConfigurationPlatforms) = preSolution
		Debug|x64 = Debug|x64
		Debug|x86 = Debug|x86
		Release|x64 = Release|x64
		Release|x86 = Release|x86
	EndGlobalSection
	GlobalSection(ProjectConfigurationPlatforms) = postSolution
		{E5DAAD10-ADD7-4041-9528-DED869DDB8FC}.Debug|x64.ActiveCfg = Debug|x64
		{E5DAAD10-ADD7-4041-9528-DED869DDB8FC}.Debug|x64.Build.0 = Debug|x64
		{E5DAAD10-ADD7-4041-9528-DED869DDB8FC}.Debug|x86.ActiveCfg = Debug|Win32
		{E5DAAD10-ADD7-4041-9528-DED869DDB8FC}.Debug|x86.Build.0 = Debug|Win32
		{E5DAAD10-ADD7-4041-9528-DED869DDB8FC}.Release|x64.ActiveCfg = Release|x64
		{E5DAAD10-ADD7-4041-9528-DED869DDB8FC}.Release|x64.Build.0 = Release|x64
		{E5DAAD10-ADD7-4041-9528-DED869DDB8FC}.Release|x86.ActiveCfg = Release|Win32
		{E5DAAD10-ADD7-4041-9528-DED869DDB8FC}.Release|x86.Build.0 = Release|Win32
		{EBD6A12C-F192-4193-A6BB-C7B6FB419597}.Debug|x64.ActiveCfg = Debug|x64
		{EBD6A12C-F192-4193-A6BB-C7B6FB419597}.Debug|x64.Build.0 = Debug|x64
		{EBD6A12C-F192-4193-A6BB-C7B6FB419597}.Debug|x86.ActiveCfg = Debug|Win32
		{EBD6A12C-F192-4193-A6BB-C7B6FB419597}.Debug|x86.Build.0 = Debug|Win32
		{EBD6A12C-F192-4193-A6BB-C7B6FB419597}.Release|x64.ActiveCfg = Release|x64
		{EBD6A12C-F192-4193-A6BB-C7B6FB419597}.Release|x64.Build.0 = Release|x64
		{EBD6A12C-F192-4193-A6BB-C7B6FB419597}.Release|x86.ActiveCfg = Release|Win32
		{EBD6A12C-F192-4193-A6BB-C7B6FB419597}.Release|x86.Build.0 = Release|Win32
		{7CC02B3E-D222-4385-9A15-CD3206D51C5B}.Debug|x64.ActiveCfg = Debug|x64
		{7CC02B3E-D222-4385-9A15-CD3206D51C5B}.Debug|x64.Build.0 = Debug|x64
		{7CC02B3E-D222-4385-9A15-CD3206D51C5B}.Debug|x86.ActiveCfg = Debug|Win32
		{7CC02B3E-D222-4385-9A15-CD3206D51C5B}.Debug|x86.Build.0 = Debug|Win32
		{7CC02B3E-D222-4385-9A15-CD3206D51C5B}.Release|x64.ActiveCfg = Release|x64
		{7CC02B3E-D222-4385-9A15-CD3206D51C5B}.Release|x64.Build.0 = Release|x64
		{7CC02B3E-D222-4385-9A15-CD3206D51C5B}.Release|x86.ActiveCfg = Release|Win32
		{7CC02B3E-D222-4385-9A15-CD3206D51C5B}.Release|x86.Build.0 = Release|Win32
		{A32885F9-4FA0-4F02-9291-AF41FC54918D}.Debug|x64.ActiveCfg = Debug|x64
		{A32885F9-4FA0-4F02-9291-AF41FC54918D}.Debug|x64.Build.0 = Debug|x64
		{A32885F9-4FA0-4F02-9291-AF41FC54918D}.Debug|x86.ActiveCfg = Debug|Win32
		{A32885F9-4FA0-4F02-9291-AF41FC54918D}.Debug|x86.Build.0 = Debug|Win32
		{A32885F9-4FA0-4F02-9291-AF41FC54918D}.Release|x64.ActiveCfg = Release|x64
		{A32885F9-4FA0-4F02-9291-AF41FC54918D}.Release|x64.Build.0 = Release|x64
		{A32885F9-4FA0-4F02-9291-AF41FC54918D}.Release|x86.ActiveCfg = Release|Win32
		{A32885F9-4FA0-4F02-9291-AF41FC54918D}.Release|x86.Build.0 = Release|Win32
		{79A05D60-714A-41A8-80A8-D2E63D12CB2F}.Debug|x64.ActiveCfg = Debug|x64
		{79A05D60-714A-41A8-80A8-D2E63D12CB2F}.Debug|x64.Build.0 = Debug|x64
		{79A05D60-714A-41A8-80A8-D2E63D12CB2F}.Debug|x86.ActiveCfg = Debug|Win32
		{79A05D60-714A-41A8-80A8-D2E63D12CB2F}.Debug|x86.Build.0 = Debug|Win32
		{79A05D60-714A-41A8-80A8-D2E63D12CB2F}.Release|x64.ActiveCfg = Release|x64
		{79A05D60-714A-41A8-80A8-D2E63D12CB2F}.Release|x64.Build.0 = Release|x64
		{79A05D60-714A-41A8-80A8-D2E63D12CB2F}.Release|x86.ActiveCfg = Release|Win32
		{79A05D60-714A-41A8-80A8-D2E63D12CB2F}.Release|x86.Build.0 = Release|Win32
		{7AEC7092-D834-406A-BBDC-A4203F15922D}.Debug|x64.ActiveCfg = Debug|x64
		{7AEC7092-D834-406A-BBDC-A4203F15922D}.Debug|x64.Build.0 = Debug|x64
		{7AEC7092-D834-406A-BBDC-A4203F15922D}.Debug|x86.ActiveCfg = Debug|Win32
		{7AEC7092-D834-406A-BBDC-A4203F15922D}.Debug|x86.Build.0 = Debug|Win32
		{7AEC7092-D834-406A-BBDC-A4203F15922D}.Release|x64.ActiveCfg = Release|x64
		{7AEC7092-D834-406A-BBDC-A4203F15922D}.Release|x64.Build.0 = Release|x64
		{7AEC7092-D834-406A-BBDC-A4203F15922D}.Release|x86.ActiveCfg = Release|Win32
		{7AEC7092-D834-406A-BBDC-A4203F15922D}.Release|x86.Build.0 = Release|Win32
		{A5EB874E-797E-422E-B048-5CA7F1C5875B}.Debug|x64.ActiveCfg = Debug|x64
		{A5EB874E-797E-422E-B048-5CA7F1C5875B}.Debug|x64.Build.0 = Debug|x64
		{A5EB874E-797E-422E-B048-5CA7F1C5875B}.Debug|x86.ActiveCfg = Debug|Win32
		{A5EB874E-797E-422E-B048-5CA7F1C5875B}.Debug|x86.Build.0 = Debug|Win32
		{A5EB874E-797E-422E-B048-5CA7F1C5875B}.Release|x64.ActiveCfg = Release|x64
		{A5EB874E-797E-422E-B048-5CA7F1C5875B}.Release|x64.Build.0 = Release|x64
		{A5EB874E-797E-422E-B048-5CA7F1C5875B}.Release|x86.ActiveCfg = Release|Win32
		{A5EB874E-797E-422E-B048-5CA7F1C5875B}.Release|x86.Build.0 = Release|Win32
		{CE6D91AD-629A-4E65-835A-F67DED1C6777}.Debug|x64.ActiveCfg = Debug|x64
		{CE6D91AD-629A-4E65-835A-F67DED1C6777}.Debug|x64.Build.0 = Debug|x64
		{CE6D91AD-629A-4E65-835A-F67DED1C6777}.Debug|x86.ActiveCfg = Debug|Win32
		{CE6D91AD-629A-4E65-835A-F67DED1C6777}.Debug|x86.Build.0 = Debug|Win32
		{CE6D91AD-629A-4E65-835A-F67DED1C6777}.Release|x64.ActiveCfg = Release|x64
		{CE6D91AD-629A-4E65-835A-F67DED1C6777}.Release|x64.Build.0 = Release|x64
		{CE6D91AD-629A-4E65-835A-F67DED1C6777}.Release|x86.ActiveCfg = Release|Win32
		{CE6D91AD-629A-4E65-835A-F67DED1C6777}.Release|x86.Build.0 = Release|Win32
		{ECDAB192-C89C-47B5-9A34-5844EE4F74CF}.Debug|x64.ActiveCfg = Debug|x64
		{ECDAB192-C89C-47B5-9A34-5844EE4F74CF}.Debug|x64.Build.0 = Debug|x64
		{ECDAB192-C89C-47B5-9A34-5844EE4F74CF}.Debug|x86.ActiveCfg = Debug|Win32
		{ECDAB192-C89C-47B5-9A34-5844EE4F74CF}.Debug|x86.Build.0 = Debug|Win32
		{ECDAB192-C89C-47B5-9A34-5844EE4F74CF}.Release|x64.ActiveCfg = Release|x64
		{ECDAB192-C89C-47B5-9A34-5844EE4F74CF}.Release|x64.Build.0 = Release|x64
		{ECDAB192-C89C-47B5-9A34-5844EE4F74CF}.Release|x86.ActiveCfg = Release|Win32
		{ECDAB192-C89C-47B5-9A34-5844EE4F74CF}.Release|x86.Build.0 = Release|Win32
		{0D6CDC64-9668-4B4C-A557-E387828B6F43}.Debug|x64.ActiveCfg = Debug|x64
		{0D6CDC64-9668-4B4C-A557-E387828B6F43}.Debug|x64.Build.0 = Debug|x64
		{0D6CDC64-9668-4B4C-A557-E387828B6F43}.Debug|x86.ActiveCfg = Debug|Win32
		{0D6CDC64-9668-4B4C-A557-E387828B6F43}.Debug|x86.Build.0 = Debug|Win32
		{0D6CDC64-9668-4B4C-A557-E387828B6F43}.Release|x64.ActiveCfg = Release|x64
		{0D6CDC64-9668-4B4C-A557-E387828B6F43}.Release|x64.Build.0 = Release|x64
		{0D6CDC64-9668-4B4C-A557-E387828B6F43}.Release|x86.ActiveCfg = Release|Win32
		{0D6CDC64-9668-4B4C-A557-E387828B6F43}.Release|x86.Build.0 = Release|Win32
		{84DDEA18-6406-4017-8628-2F8A2926694A}.Debug|x64.ActiveCfg = Debug|x64
		{84DDEA18-6406-4017-8628-2F8A2926694A}.Debug|x64.Build.0 = Debug|x64
		{84DDEA18-6406-4017-8628-2F8A2926694A}.Debug|x86.ActiveCfg = Debug|Win32
		{84DDEA18-6406-4017-8628-2F8A2926694A}.Debug|x86.Build.0 = Debug|Win32
		{84DDEA18-6406-4017-8628-2F8A2926694A}.Release|x64.ActiveCfg = Release|x64
		{84DDEA18-6406-4017-8628-2F8A2926694A}.Release|x64.Build.0 = Release|x64
		{84DDEA18-6406-4017-8628-2F8A2926694A}.Release|x86.ActiveCfg = Release|Win32
		{84DDEA18-6406-4017-8628-2F8A2926694A}.Release|x86.Build.0 = Release|Win32
		{D6CB9999-A10F-4061-A8DB-B65A861CC804}.Debug|x64.ActiveCfg = Debug|x64
		{D6CB9999-A10F-4061-A8DB-B65A861CC804}.Debug|x64.Build.0 = Debug|x64
		{D6CB9999-A10F-4061-A8DB-B65A861CC804}.Debug|x86.ActiveCfg = Debug|Win32
		{D6CB9999-A10F-4061-A8DB-B65A861CC804}.Debug|x86.Build.0 = Debug|Win32
		{D6CB9999-A10F-4061-A8DB-B65A861CC804}.Release|x64.ActiveCfg = Release|x64
		{D6CB9999-A10F-4061-A8DB-B65A861CC804}.Release|x64.Build.0 = Release|x64
		{D6CB9999-A10F-4061-A8DB-B65A861CC804}.Release|x86.ActiveCfg = Release|Win32
		{D6CB9999-A10F-4061-A8DB-B65A861CC804}.Release|x86.Build.0 = Release|Win32
		{27E545F1-8320-4FA2-B699-9CECC2B4F284}.Debug|x64.ActiveCfg = Debug|x64
		{27E545F1-8320-4FA2-B699-9CECC2B4F284}.Debug|x64.Build.0 = Debug|x64
		{27E545F1-8320-4FA2-B699-9CECC2B4F284}.Debug|x86.ActiveCfg = Debug|Win32
		{27E545F1-8320-4FA2-B699-9CECC2B4F284}.Debug|x86.Build.0 = Debug|Win32
		{27E545F1-8320-4FA2-B699-9CECC2B4F284}.Release|x64.ActiveCfg = Release|x64
		{27E545F1-8320-4FA2-B699-9CECC2B4F284}.Release|x64.Build.0 = Release|x64
		{27E545F1-8320-4FA2-B699-9CECC2B4F284}.Release|x86.ActiveCfg = Release|Win32
		{27E545F1-8320-4FA2-B699-9CECC2B4F284}.Release|x86.Build.0 = Release|Win32
		{687EFE97-873F-4890-A760-B69372E3BB9D}.Debug|x64.ActiveCfg = Debug|x64
		{687EFE97-873F-4890-A760-B69372E3BB9D}.Debug|x64.Build.0 = Debug|x64
		{687EFE97-873F-4890-A760-B69372E3BB9D}.Debug|x86.ActiveCfg = Debug|Win32
		{687EFE97-873F-4890-A760-B69372E3BB9D}.Debug|x86.Build.0 = Debug|Win32
		{687EFE97-873F-4890-A760-B69372E3BB9D}.Release|x64.ActiveCfg = Release|x64
		{687EFE97-873F-4890-A760-B69372E3BB9D}.Release|x64.Build.0 = Release|x64
		{687EFE97-873F-4890-A760-B69372E3BB9D}.Release|x86.ActiveCfg = Release|Win32
		{687EFE97-873F-4890-A760-B69372E3BB9D}.Release|x86.Build.0 = Release|Win32
		{20974DD4-F1EE-4FEA-BE00-A23FF8FF887F}.Debug|x64.ActiveCfg = Debug|x64
		{20974DD4-F1EE-4FEA-BE00-A23FF8FF887F}.Debug|x64.Build.0 = Debug|x64
		{20974DD4-F1EE-4FEA-BE00-A23FF8FF887F}.Debug|x86.ActiveCfg = Debug|Win32
		{20974DD4-F1EE-4FEA-BE00-A23FF8FF887F}.Debug|x86.Build.0 = Debug|Win32
		{20974DD4-F1EE-4FEA-BE00-A23FF8FF887F}.Release|x64.ActiveCfg = Release|x64
		{20974DD4-F1EE-4FEA-BE00-A23FF8FF887F}.Release|x64.Build.0 = Release|x64
		{20974DD4-F1EE-4FEA-BE00-A23FF8FF887F}.Release|x86.ActiveCfg = Release|Win32
		{20974DD4-F1EE-4FEA-BE00-A23FF8FF887F}.Release|x86.Build.0 = Release|Win32
		{D44F80A6-F314-44D7-865D-8DFCD907BA2A}.Debug|x64.ActiveCfg = Debug|x64
		{D44F80A6-F314-44D7-865D-8DFCD907BA2A}.Debug|x64.Build.0 = Debug|x64
		{D44F80A6-F314-44D7-865D-8DFCD907BA2A}.Debug|x86.ActiveCfg = Debug|Win32
		{D44F80A6-F314-44D7-865D-8DFCD907BA2A}.Debug|x86.Build.0 = Debug|Win32
		{D44F80A6-F314-44D7-865D-8DFCD907BA2A}.Release|x64.ActiveCfg = Release|x64
		{D44F80A6-F314-44D7-865D-8DFCD907BA2A}.Release|x64.Build.0 = Release|x64
		{D44F80A6-F314-44D7-865D-8DFCD907BA2A}.Release|x86.ActiveCfg = Release|Win32
		{D44F80A6-F314-44D7-865D-8DFCD907BA2A}.Release|x86.Build.0 = Release|Win32
		{78F01226-691E-47B8-88D8-D1357970F677}.Debug|x64.ActiveCfg = Debug|x64
		{78F01226-691E-47B8-88D8-D1357970F677}.Debug|x64.Build.0 = Debug|x64
		{78F01226-691E-47B8-88D8-D1357970F677}.Debug|x86.ActiveCfg = Debug|Win32
		{78F01226-691E-47B8-88D8-D1357970F677}.Debug|x86.Build.0 = Debug|Win32
		{78F01226-691E-47B8-88D8-D1357970F677}.Release|x64.ActiveCfg = Release|x64
		{78F01226-691E-47B8-88D8-D1357970F677}.Release|x64.Build.0 = Release|x64
		{78F01226-691E-47B8-88D8-D1357970F677}.Release|x86.ActiveCfg = Release|Win32
		{78F01226-691E-47B8-88D8-D1357970F677}.Release|x86.Build.0 = Release|Win32
		{05E0F819-9A08-48AF-BE69-76FE667DB619}.Debug|x64.ActiveCfg = Debug|x64
		{05E0F819-9A08-48AF-BE69-76FE667DB619}.Debug|x64.Build.0 = Debug|x64
		{05E0F819-9A08-48AF-BE69-76FE667DB619}.Debug|x86.ActiveCfg = Debug|Win32
		{05E0F819-9A08-48AF-BE69-76FE667DB619}.Debug|x86.Build.0 = Debug|Win32
		{05E0F819-9A08-48AF-BE69-76FE667DB619}.Release|x64.ActiveCfg = Release|x64
		{05E0F819-9A08-48AF-BE69-76FE667DB619}.Release|x64.Build.0 = Release|x64
		{05E0F819-9A08-48AF-BE69-76FE667DB619}.Release|x86.ActiveCfg = Release|Win32
		{05E0F819-9A08-48AF-BE69-76FE667DB619}.Release|x86.Build.0 = Release|Win32
		{1081806E-BE56-4251-8D70-FE8EA3B8F3D6}.Debug|x64.ActiveCfg = Debug|x64
		{1081806E-BE56-4251-8D70-FE8EA3B8F3D6}.Debug|x64.Build.0 = Debug|x64
		{1081806E-BE56-4251-8D70-FE8EA3B8F3D6}.Debug|x86.ActiveCfg = Debug|Win32
		{1081806E-BE56-4251-8D70-FE8EA3B8F3D6}.Debug|x86.Build.0 = Debug|Win32
		{1081806E-BE56-4251-8D70-FE8EA3B8F3D6}.Release|x64.ActiveCfg = Release|x64
		{1081806E-BE56-4251-8D70-FE8EA3B8F3D6}.Release|x64.Build.0 = Release|x64
		{1081806E-BE56-4251-8D70-FE8EA3B8F3D6}.Release|x86.ActiveCfg = Release|Win32
		{1081806E-BE56-4251-8D70-FE8EA3B8F3D6}.Release|x86.Build.0 = Release|Win32
		{460146FA-F493-4B03-A101-AC9076A4F0F6}.Debug|x64.ActiveCfg = Debug|x64
		{460146FA-F493-4B03-A101-AC9076A4F0F6}.Debug|x64.Build.0 = Debug|x64
		{460146FA-F493-4B03-A101-AC9076A4F0F6}.Debug|x86.ActiveCfg = Debug|Win32
		{460146FA-F493-4B03-A101-AC9076A4F0F6}.Debug|x86.Build.0 = Debug|Win32
		{460146FA-F493-4B03-A101-AC9076A4F0F6}.Release|x64.ActiveCfg = Release|x64
		{460146FA-F493-4B03-A101-AC9076A4F0F6}.Release|x64.Build.0 = Release|x64
		{460146FA-F493-4B03-A101-AC9076A4F0F6}.Release|x86.ActiveCfg = Release|Win32
		{460146FA-F493-4B03-A101-AC9076A4F0F6}.Release|x86.Build.0 = Release|Win32
		{2E6369BD-1C9F-404D-9A93-F63C20205A25}.Debug|x64.ActiveCfg = Debug|x64
		{2E6369BD-1C9F-404D-9A93-F63C20205A25}.Debug|x64.Build.0 = Debug|x64
		{2E6369BD-1C9F-404D-9A93-F63C20205A25}.Debug|x86.ActiveCfg = Debug|Win32
		{2E6369BD-1C9F-404D-9A93-F63C20205A25}.Debug|x86.Build.0 = Debug|Win32
		{2E6369BD-1C9F-404D-9A93-F63C20205A25}.Release|x64.ActiveCfg = Release|x64
		{2E6369BD-1C9F-404D-9A93-F63C20205A25}.Release|x64.Build.0 = Release|x64
		{2E6369BD-1C9F-404D-9A93-F63C20205A25}.Release|x86.ActiveCfg = Release|Win32
		{2E6369BD-1C9F-404D-9A93-F63C20205A25}.Release|x86.Build.0 = Release|Win32
		{CA8EC574-4048-4943-BD27-E325C252CF02}.Debug|x64.ActiveCfg = Debug|x64
		{CA8EC574-4048-4943-BD27-E325C252CF02}.Debug|x64.Build.0 = Debug|x64
		{CA8EC574-4048-4943-BD27-E325C252CF02}.Debug|x86.ActiveCfg = Debug|Win32
		{CA8EC574-4048-4943-BD27-E325C252CF02}.Debug|x86.Build.0 = Debug|Win32
		{CA8EC574-4048-4943-BD27-E325C252CF02}.Release|x64.ActiveCfg = Release|x64
		{CA8EC574-4048-4943-BD27-E325C252CF02}.Release|x64.Build.0 = Release|x64
		{CA8EC574-4048-4943-BD27-E325C252CF02}.Release|x86.ActiveCfg = Release|Win32
		{CA8EC574-4048-4943-BD27-E325C252CF02}.Release|x86.Build.0 = Release|Win32
		{A4E73620-A2CC-4336-8BFF-9B73222DB3A8}.Debug|x64.ActiveCfg = Debug|x64
		{A4E73620-A2CC-4336-8BFF-9B73222DB3A8}.Debug|x64.Build.0 = Debug|x64
		{A4E73620-A2CC-4336-8BFF-9B73222DB3A8}.Debug|x86.ActiveCfg = Debug|Win32
		{A4E73620-A2CC-4336-8BFF-9B73222DB3A8}.Debug|x86.Build.0 = Debug|Win32
		{A4E73620-A2CC-4336-8BFF-9B73222DB3A8}.Release|x64.ActiveCfg = Release|x64
		{A4E73620-A2CC-4336-8BFF-9B73222DB3A8}.Release|x64.Build.0 = Release|x64
		{A4E73620-A2CC-4336-8BFF-9B73222DB3A8}.Release|x86.ActiveCfg = Release|Win32
		{A4E73620-A2CC-4336-8BFF-9B73222DB3A8}.Release|x86.Build.0 = Release|Win32
		{868D9183-41CC-44B1-AFD3-9020D0A6662C}.Debug|x64.ActiveCfg = Debug|x64
		{868D9183-41CC-44B1-AFD3-9020D0A6662C}.Debug|x64.Build.0 = Debug|x64
		{868D9183-41CC-44B1-AFD3-9020D0A6662C}.Debug|x86.ActiveCfg = Debug|Win32
		{868D9183-41CC-44B1-AFD3-9020D0A6662C}.Debug|x86.Build.0 = Debug|Win32
		{868D9183-41CC-44B1-AFD3-9020D0A6662C}.Release|x64.ActiveCfg = Release|x64
		{868D9183-41CC-44B1-AFD3-9020D0A6662C}.Release|x64.Build.0 = Release|x64
		{868D9183-41CC-44B1-AFD3-9020D0A6662C}.Release|x86.ActiveCfg = Release|Win32
		{868D9183-41CC-44B1-AFD3-9020D0A6662C}.Release|x86.Build.0 = Release|Win32
		{F1826735-84A1-49EE-8481-483C4A041CC6}.Debug|x64.ActiveCfg = Debug|x64
		{F1826735-84A1-49EE-8481-483C4A041CC6}.Debug|x64.Build.0 = Debug|x64
		{F1826735-84A1-49EE-8481-483C4A041CC6}.Debug|x86.ActiveCfg = Debug|Win32
		{F1826735-84A1-49EE-8481-483C4A041CC6}.Debug|x86.Build.0 = Debug|Win32
		{F1826735-84A1-49EE-8481-483C4A041CC6}.Release|x64.ActiveCfg = Release|x64
		{F1826735-84A1-49EE-8481-483C4A041CC6}.Release|x64.Build.0 = Release|x64
		{F1826735-84A1-49EE-8481-483C4A041CC6}.Release|x86.ActiveCfg = Release|Win32
		{F1826735-84A1-49EE-8481-483C4A041CC6}.Release|x86.Build.0 = Release|Win32
		{F78D8402-33BF-4BBA-8D29-1C56D8112CC5}.Debug|x64.ActiveCfg = Debug|x64
		{F78D8402-33BF-4BBA-8D29-1C56D8112CC5}.Debug|x64.Build.0 = Debug|x64
		{F78D8402-33BF-4BBA-8D29-1C56D8112CC5}.Debug|x86.ActiveCfg = Debug|Win32
		{F78D8402-33BF-4BBA-8D29-1C56D8112CC5}.Debug|x86.Build.0 = Debug|Win32
		{F78D8402-33BF-4BBA-8D29-1C56D8112CC5}.Release|x64.ActiveCfg = Release|x64
		{F78D8402-33BF-4BBA-8D29-1C56D8112CC5}.Release|x64.Build.0 = Release|x64
		{F78D8402-33BF-4BBA-8D29-1C56D8112CC5}.Release|x86.ActiveCfg = Release|Win32
		{F78D8402-33BF-4BBA-8D29-1C56D8112CC5}.Release|x86.Build.0 = Release|Win32
		{1BD030E6-900A-405B-A0F8-9460D2E26ECD}.Debug|x64.ActiveCfg = Debug|x64
		{1BD030E6-900A-405B-A0F8-9460D2E26ECD}.Debug|x64.Build.0 = Debug|x64
		{1BD030E6-900A-405B-A0F8-9460D2E26ECD}.Debug|x86.ActiveCfg = Debug|Win32
		{1BD030E6-900A-405B-A0F8-9460D2E26ECD}.Debug|x86.Build.0 = Debug|Win32
		{1BD030E6-900A-405B-A0F8-9460D2E26ECD}.Release|x64.ActiveCfg = Release|x64
		{1BD030E6-900A-405B-A0F8-9460D2E26ECD}.Release|x64.Build.0 = Release|x64
		{1BD030E6-900A-405B-A0F8-9460D2E26ECD}.Release|x86.ActiveCfg = Release|Win32
		{1BD030E6-900A-405B-A0F8-9460D2E26ECD}.Release|x86.Build.0 = Release|Win32
		{C0BF57AE-1443-462F-8B50-9A598E504EE2}.Debug|x64.ActiveCfg = Debug|x64
		{C0BF57AE-1443-462F-8B50-9A598E504EE2}.Debug|x64.Build.0 = Debug|x64
		{C0BF57AE-1443-462F-8B50-9A598E504EE2}.Debug|x86.ActiveCfg = Debug|Win32
		{C0BF57AE-1443-462F-8B50-9A598E504EE2}.Debug|x86.Build.0 = Debug|Win32
		{C0BF57AE-1443-462F-8B50-9A598E504EE2}.Release|x64.ActiveCfg = Release|x64
		{C0BF57AE-1443-462F-8B50-9A598E504EE2}.Release|x64.Build.0 = Release|x64
		{C0BF57AE-1443-462F-8B50-9A598E504EE2}.Release|x86.ActiveCfg = Release|Win32
		{C0BF57AE-1443-462F-8B50-9A598E504EE2}.Release|x86.Build.0 = Release|Win32
		{9B75299D-EDDE-42C4-9B92-5EEB73943C59}.Debug|x64.ActiveCfg = Debug|x64
		{9B75299D-EDDE-42C4-9B92-5EEB73943C59}.Debug|x64.Build.0 = Debug|x64
		{9B75299D-EDDE-42C4-9B92-5EEB73943C59}.Debug|x86.ActiveCfg = Debug|Win32
		{9B75299D-EDDE-42C4-9B92-5EEB73943C59}.Debug|x86.Build.0 = Debug|Win32
		{9B75299D-EDDE-42C4-9B92-5EEB73943C59}.Release|x64.ActiveCfg = Release|x64
		{9B75299D-EDDE-42C4-9B92-5EEB73943C59}.Release|x64.Build.0 = Release|x64
		{9B75299D-EDDE-42C4-9B92-5EEB73943C59}.Release|x86.ActiveCfg = Release|Win32
		{9B75299D-EDDE-42C4-9B92-5EEB73943C59}.Release|x86.Build.0 = Release|Win32
		{392BFA73-056C-4493-920A-C1B528B9FF45}.Debug|x64.ActiveCfg = Debug|x64
		{392BFA73-056C-4493-920A-C1B528B9FF45}.Debug|x64.Build.0 = Debug|x64
		{392BFA73-056C-4493-920A-C1B528B9FF45}.Debug|x86.ActiveCfg = Debug|Win32
		{392BFA73-056C-4493-920A-C1B528B9FF45}.Debug|x86.Build.0 = Debug|Win32
		{392BFA73-056C-4493-920A-C1B528B9FF45}.Release|x64.ActiveCfg = Release|x64
		{392BFA73-056C-4493-920A-C1B528B9FF45}.Release|x64.Build.0 = Release|x64
		{392BFA73-056C-4493-920A-C1B528B9FF45}.Release|x86.ActiveCfg = Release|Win32
		{392BFA73-056C-4493-920A-C1B528B9FF45}.Release|x86.Build.0 = Release|Win32
		{022E11D3-4E7D-452B-9CA3-FB7E1C6C0CC7}.Debug|x64.ActiveCfg = Debug|x64
		{022E11D3-4E7D-452B-9CA3-FB7E1C6C0CC7}.Debug|x64.Build.0 = Debug|x64
		{022E11D3-4E7D-452B-9CA3-FB7E1C6C0CC7}.Debug|x86.ActiveCfg = Debug|Win32
		{022E11D3-4E7D-452B-9CA3-FB7E1C6C0CC7}.Debug|x86.Build.0 = Debug|Win32
		{022E11D3-4E7D-452B-9CA3-FB7E1C6C0CC7}.Release|x64.ActiveCfg = Release|x64
		{022E11D3-4E7D-452B-9CA3-FB7E1C6C0CC7}.Release|x64.Build.0 = Release|x64
		{022E11D3-4E7D-452B-9CA3-FB7E1C6C0CC7}.Release|x86.ActiveCfg = Release|Win32
		{022E11D3-4E7D-452B-9CA3-FB7E1C6C0CC7}.Release|x86.Build.0 = Release|Win32
		{AE6A6C1A-350C-4242-983B-79083BA6702C}.Debug|x64.ActiveCfg = Debug|x64
		{AE6A6C1A-350C-4242-983B-79083BA6702C}.Debug|x64.Build.0 = Debug|x64
		{AE6A6C1A-350C-4242-983B-79083BA6702C}.Debug|x86.ActiveCfg = Debug|Win32
		{AE6A6C1A-350C-4242-983B-79083BA6702C}.Debug|x86.Build.0 = Debug|Win32
		{AE6A6C1A-350C-4242-983B-79083BA6702C}.Release|x64.ActiveCfg = Release|x64
		{AE6A6C1A-350C-4242-983B-79083BA6702C}.Release|x64.Build.0 = Release|x64
		{AE6A6C1A-350C-4242-983B-79083BA6702C}.Release|x86.ActiveCfg = Release|Win32
		{AE6A6C1A-350C-4242-983B-79083BA6702C}.Release|x86.Build.0 = Release|Win32
		{E59D83EF-2BC0-4DED-A823-9D52DAA88176}.Debug|x64.ActiveCfg = Debug|x64
		{E59D83EF-2BC0-4DED-A823-9D52DAA88176}.Debug|x64.Build.0 = Debug|x64
		{E59D83EF-2BC0-4DED-A823-9D52DAA88176}.Debug|x86.ActiveCfg = Debug|Win32
		{E59D83EF-2BC0-4DED-A823-9D52DAA88176}.Debug|x86.Build.0 = Debug|Win32
		{E59D83EF-2BC0-4DED-A823-9D52DAA88176}.Release|x64.ActiveCfg = Release|x64
		{E59D83EF-2BC0-4DED-A823-9D52DAA88176}.Release|x64.Build.0 = Release|x64
		{E59D83EF-2BC0-4DED-A823-9D52DAA88176}.Release|x86.ActiveCfg = Release|Win32
		{E59D83EF-2BC0-4DED-A823-9D52DAA88176}.Release|x86.Build.0 = Release|Win32
		{5CD9C780-EFA0-41A7-8477-E089EA3A786A}.Debug|x64.ActiveCfg = Debug|x64
		{5CD9C780-EFA0-41A7-8477-E089EA3A786A}.Debug|x64.Build.0 = Debug|x64
		{5CD9C780-EFA0-41A7-8477-E089EA3A786A}.Debug|x86.ActiveCfg = Debug|Win32
		{5CD9C780-EFA0-41A7-8477-E089EA3A786A}.Debug|x86.Build.0 = Debug|Win32
		{5CD9C780-EFA0-41A7-8477-E089EA3A786A}.Release|x64.ActiveCfg = Release|x64
		{5CD9C780-EFA0-41A7-8477-E089EA3A786A}.Release|x64.Build.0 = Release|x64
		{5CD9C780-EFA0-41A7-8477-E089EA3A786A}.Release|x86.ActiveCfg = Release|Win32
		{5CD9C780-EFA0-41A7-8477-E089EA3A786A}.Release|x86.Build.0 = Release|Win32
		{285FA471-BF49-45FD-9A7A-B4831ABE6D14}.Debug|x64.ActiveCfg = Debug|x64
		{285FA471-BF49-45FD-9A7A-B4831ABE6D14}.Debug|x64.Build.0 = Debug|x64
		{285FA471-BF49-45FD-9A7A-B4831ABE6D14}.Debug|x86.ActiveCfg = Debug|Win32
		{285FA471-BF49-45FD-9A7A-B4831ABE6D14}.Debug|x86.Build.0 = Debug|Win32
		{285FA471-BF49-45FD-9A7A-B4831ABE6D14}.Release|x64.ActiveCfg = Release|x64
		{285FA471-BF49-45FD-9A7A-B4831ABE6D14}.Release|x64.Build.0 = Release|x64
		{285FA471-BF49-45FD-9A7A-B4831ABE6D14}.Release|x86.ActiveCfg = Release|Win32
		{285FA471-BF49-45FD-9A7A-B4831ABE6D14}.Release|x86.Build.0 = Release|Win32
		{C5344781-6CE8-4E6C-8C85-D8BD539CEF89}.Debug|x64.ActiveCfg = Debug|x64
		{C5344781-6CE8-4E6C-8C85-D8BD539CEF89}.Debug|x64.Build.0 = Debug|x64
		{C5344781-6CE8-4E6C-8C85-D8BD539CEF89}.Debug|x86.ActiveCfg = Debug|Win32
		{C5344781-6CE8-4E6C-8C85-D8BD539CEF89}.Debug|x86.Build.0 = Debug|Win32
		{C5344781-6CE8-4E6C-8C85-D8BD539CEF89}.Release|x64.ActiveCfg = Release|x64
		{C5344781-6CE8-4E6C-8C85-D8BD539CEF89}.Release|x64.Build.0 = Release|x64
		{C5344781-6CE8-4E6C-8C85-D8BD539CEF89}.Release|x86.ActiveCfg = Release|Win32
		{C5344781-6CE8-4E6C-8C85-D8BD539CEF89}.Release|x86.Build.0 = Release|Win32
		{CFECF97E-2EC0-44EF-8598-C0906CDC18C9}.Debug|x64.ActiveCfg = Debug|x64
		{CFECF97E-2EC0-44EF-8598-C0906CDC18C9}.Debug|x64.Build.0 = Debug|x64
		{CFECF97E-2EC0-44EF-8598-C0906CDC18C9}.Debug|x86.ActiveCfg = Debug|Win32
		{CFECF97E-2EC0-44EF-8598-C0906CDC18C9}.Debug|x86.Build.0 = Debug|Win32
		{CFECF97E-2EC0-44EF-8598-C0906CDC18C9}.Release|x64.ActiveCfg = Release|x64
		{CFECF97E-2EC0-44EF-8598-C0906CDC18C9}.Release|x64.Build.0 = Release|x64
		{CFECF97E-2EC0-44EF-8598-C0906CDC18C9}.Release|x86.ActiveCfg = Release|Win32
		{CFECF97E-2EC0-44EF-8598-C0906CDC18C9}.Release|x86.Build.0 = Release|Win32
		{903DC59C-1D3B-4A30-BA44-632F3F24AA72}.Debug|x64.ActiveCfg = Debug|x64
		{903DC59C-1D3B-4A30-BA44-632F3F24AA72}.Debug|x64.Build.0 = Debug|x64
		{903DC59C-1D3B-4A30-BA44-632F3F24AA72}.Debug|x86.ActiveCfg = Debug|Win32
		{903DC59C-1D3B-4A30-BA44-632F3F24AA72}.Debug|x86.Build.0 = Debug|Win32
		{903DC59C-1D3B-4A30-BA44-632F3F24AA72}.Release|x64.ActiveCfg = Release|x64
		{903DC59C-1D3B-4A30-BA44-632F3F24AA72}.Release|x64.Build.0 = Release|x64
		{903DC59C-1D3B-4A30-BA44-632F3F24AA72}.Release|x86.ActiveCfg = Release|Win32
		{903DC59C-1D3B-4A30-BA44-632F3F24AA72}.Release|x86.Build.0 = Release|Win32
		{CC861165-4F22-457D-A0A8-20876FBDED85}.Debug|x64.ActiveCfg = Debug|x64
		{CC861165-4F22-457D-A0A8-20876FBDED85}.Debug|x64.Build.0 = Debug|x64
		{CC861165-4F22-457D-A0A8-20876FBDED85}.Debug|x86.ActiveCfg = Debug|Win32
		{CC861165-4F22-457D-A0A8-20876FBDED85}.Debug|x86.Build.0 = Debug|Win32
		{CC861165-4F22-457D-A0A8-20876FBDED85}.Release|x64.ActiveCfg = Release|x64
		{CC861165-4F22-457D-A0A8-20876FBDED85}.Release|x64.Build.0 = Release|x64
		{CC861165-4F22-457D-A0A8-20876FBDED85}.Release|x86.ActiveCfg = Release|Win32
		{CC861165-4F22-457D-A0A8-20876FBDED85}.Release|x86.Build.0 = Release|Win32
		{58593B69-86AE-4A50-A449-1ECF98E9CDF2}.Debug|x64.ActiveCfg = Debug|x64
		{58593B69-86AE-4A50-A449-1ECF98E9CDF2}.Debug|x64.Build.0 = Debug|x64
		{58593B69-86AE-4A50-A449-1ECF98E9CDF2}.Debug|x86.ActiveCfg = Debug|Win32
		{58593B69-86AE-4A50-A449-1ECF98E9CDF2}.Debug|x86.Build.0 = Debug|Win32
		{58593B69-86AE-4A50-A449-1ECF98E9CDF2}.Release|x64.ActiveCfg = Release|x64
		{58593B69-86AE-4A50-A449-1ECF98E9CDF2}.Release|x64.Build.0 = Release|x64
		{58593B69-86AE-4A50-A449-1ECF98E9CDF2}.Release|x86.ActiveCfg = Release|Win32
		{58593B69-86AE-4A50-A449-1ECF98E9CDF2}.Release|x86.Build.0 = Release|Win32
		{8AD79E1B-5C1B-4E22-AF4D-FDFD52F6607C}.Debug|x64.ActiveCfg = Debug|x64
		{8AD79E1B-5C1B-4E22-AF4D-FDFD52F6607C}.Debug|x64.Build.0 = Debug|x64
		{8AD79E1B-5C1B-4E22-AF4D-FDFD52F6607C}.Debug|x86.ActiveCfg = Debug|Win32
		{8AD79E1B-5C1B-4E22-AF4D-FDFD52F6607C}.Debug|x86.Build.0 = Debug|Win32
		{8AD79E1B-5C1B-4E22-AF4D-FDFD52F6607C}.Release|x64.ActiveCfg = Release|x64
		{8AD79E1B-5C1B-4E22-AF4D-FDFD52F6607C}.Release|x64.Build.0 = Release|x64
		{8AD79E1B-5C1B-4E22-AF4D-FDFD52F6607C}.Release|x86.ActiveCfg = Release|Win32
		{8AD79E1B-5C1B-4E22-AF4D-FDFD52F6607C}.Release|x86.Build.0 = Release|Win32
		{34FB018A-1B72-48DC-BBED-EB00546DE013}.Debug|x64.ActiveCfg = Debug|x64
		{34FB018A-1B72-48DC-BBED-EB00546DE013}.Debug|x64.Build.0 = Debug|x64
		{34FB018A-1B72-48DC-BBED-EB00546DE013}.Debug|x86.ActiveCfg = Debug|Win32
		{34FB018A-1B72-48DC-BBED-EB00546DE013}.Debug|x86.Build.0 = Debug|Win32
		{34FB018A-1B72-48DC-BBED-EB00546DE013}.Release|x64.ActiveCfg = Release|x64
		{34FB018A-1B72-48DC-BBED-EB00546DE013}.Release|x64.Build.0 = Release|x64
		{34FB018A-1B72-48DC-BBED-EB00546DE013}.Release|x86.ActiveCfg = Release|Win32
		{34FB018A-1B72-48DC-BBED-EB00546DE013}.Release|x86.Build.0 = Release|Win32
		{17C295D5-3550-4D19-8785-AC13016C676D}.Debug|x64.ActiveCfg = Debug|x64
		{17C295D5-3550-4D19-8785-AC13016C676D}.Debug|x64.Build.0 = Debug|x64
		{17C295D5-3550-4D19-8785-AC13016C676D}.Debug|x86.ActiveCfg = Debug|Win32
		{17C295D5-3550-4D19-8785-AC13016C676D}.Debug|x86.Build.0 = Debug|Win32
		{17C295D5-3550-4D19-8785-AC13016C676D}.Release|x64.ActiveCfg = Release|x64
		{17C295D5-3550-4D19-8785-AC13016C676D}.Release|x64.Build.0 = Release|x64
		{17C295D5-3550-4D19-8785-AC13016C676D}.Release|x86.ActiveCfg = Release|Win32
		{17C295D5-3550-4D19-8785-AC13016C676D}.Release|x86.Build.0 = Release|Win32
		{7D3159CB-4398-458F-817B-092EDC08F6FA}.Debug|x64.ActiveCfg = Debug|x64
		{7D3159CB-4398-458F-817B-092EDC08F6FA}.Debug|x64.Build.0 = Debug|x64
		{7D3159CB-4398-458F-817B-092EDC08F6FA}.Debug|x86.ActiveCfg = Debug|Win32
		{7D3159CB-4398-458F-817B-092EDC08F6FA}.Debug|x86.Build.0 = Debug|Win32
		{7D3159CB-4398-458F-817B-092EDC08F6FA}.Release|x64.ActiveCfg = Release|x64
		{7D3159CB-4398-458F-817B-092EDC08F6FA}.Release|x64.Build.0 = Release|x64
		{7D3159CB-4398-458F-817B-092EDC08F6FA}.Release|x86.ActiveCfg = Release|Win32
		{7D3159CB-4398-458F-817B-092EDC08F6FA}.Release|x86.Build.0 = Release|Win32
		{0531D31D-48B5-4E74-84C9-BF7EF6AB4CB1}.Debug|x64.ActiveCfg = Debug|x64
		{0531D31D-48B5-4E74-84C9-BF7EF6AB4CB1}.Debug|x64.Build.0 = Debug|x64
		{0531D31D-48B5-4E74-84C9-BF7EF6AB4CB1}.Debug|x86.ActiveCfg = Debug|Win32
		{0531D31D-48B5-4E74-84C9-BF7EF6AB4CB1}.Debug|x86.Build.0 = Debug|Win32
		{0531D31D-48B5-4E74-84C9-BF7EF6AB4CB1}.Release|x64.ActiveCfg = Release|x64
		{0531D31D-48B5-4E74-84C9-BF7EF6AB4CB1}.Release|x64.Build.0 = Release|x64
		{0531D31D-48B5-4E74-84C9-BF7EF6AB4CB1}.Release|x86.ActiveCfg = Release|Win32
		{0531D31D-48B5-4E74-84C9-BF7EF6AB4CB1}.Release|x86.Build.0 = Release|Win32
		{8D6FD81C-47F8-45CF-9F84-6A613FCC4B63}.Debug|x64.ActiveCfg = Debug|x64
		{8D6FD81C-47F8-45CF-9F84-6A613FCC4B63}.Debug|x64.Build.0 = Debug|x64
		{8D6FD81C-47F8-45CF-9F84-6A613FCC4B63}.Debug|x86.ActiveCfg = Debug|Win32
		{8D6FD81C-47F8-45CF-9F84-6A613FCC4B63}.Debug|x86.Build.0 = Debug|Win32
		{8D6FD81C-47F8-45CF-9F84-6A613FCC4B63}.Release|x64.ActiveCfg = Release|x64
		{8D6FD81C-47F8-45CF-9F84-6A613FCC4B63}.Release|x64.Build.0 = Release|x64
		{8D6FD81C-47F8-45CF-9F84-6A613FCC4B63}.Release|x86.ActiveCfg = Release|Win32
		{8D6FD81C-47F8-45CF-9F84-6A613FCC4B63}.Release|x86.Build.0 = Release|Win32
		{89811DA5-0345-4E97-A11A-0954CB3BEB72}.Debug|x64.ActiveCfg = Debug|x64
		{89811DA5-0345-4E97-A11A-0954CB3BEB72}.Debug|x64.Build.0 = Debug|x64
		{89811DA5-0345-4E97-A11A-0954CB3BEB72}.Debug|x86.ActiveCfg = Debug|Win32
		{89811DA5-0345-4E97-A11A-0954CB3BEB72}.Debug|x86.Build.0 = Debug|Win32
		{89811DA5-0345-4E97-A11A-0954CB3BEB72}.Release|x64.ActiveCfg = Release|x64
		{89811DA5-0345-4E97-A11A-0954CB3BEB72}.Release|x64.Build.0 = Release|x64
		{89811DA5-0345-4E97-A11A-0954CB3BEB72}.Release|x86.ActiveCfg = Release|Win32
		{89811DA5-0345-4E97-A11A-0954CB3BEB72}.Release|x86.Build.0 = Release|Win32
		{66390402-4684-421B-B960-7CD96CD2E1E5}.Debug|x64.ActiveCfg = Debug|x64
		{66390402-4684-421B-B960-7CD96CD2E1E5}.Debug|x64.Build.0 = Debug|x64
		{66390402-4684-421B-B960-7CD96CD2E1E5}.Debug|x86.ActiveCfg = Debug|Win32
		{66390402-4684-421B-B960-7CD96CD2E1E5}.Debug|x86.Build.0 = Debug|Win32
		{66390402-4684-421B-B960-7CD96CD2E1E5}.Release|x64.ActiveCfg = Release|x64
		{66390402-4684-421B-B960-7CD96CD2E1E5}.Release|x64.Build.0 = Release|x64
		{66390402-4684-421B-B960-7CD96CD2E1E5}.Release|x86.ActiveCfg = Release|Win32
		{66390402-4684-421B-B960-7CD96CD2E1E5}.Release|x86.Build.0 = Release|Win32
		{5A1DEFDD-B530-4553-B492-15389028ABFE}.Debug|x64.ActiveCfg = Debug|x64
		{5A1DEFDD-B530-4553-B492-15389028ABFE}.Debug|x64.Build.0 = Debug|x64
		{5A1DEFDD-B530-4553-B492-15389028ABFE}.Debug|x86.ActiveCfg = Debug|Win32
		{5A1DEFDD-B530-4553-B492-15389028ABFE}.Debug|x86.Build.0 = Debug|Win32
		{5A1DEFDD-B530-4553-B492-15389028ABFE}.Release|x64.ActiveCfg = Release|x64
		{5A1DEFDD-B530-4553-B492-15389028ABFE}.Release|x64.Build.0 = Release|x64
		{5A1DEFDD-B530-4553-B492-15389028ABFE}.Release|x86.ActiveCfg = Release|Win32
		{5A1DEFDD-B530-4553-B492-15389028ABFE}.Release|x86.Build.0 = Release|Win32
	EndGlobalSection
	GlobalSection(SolutionProperties) = preSolution
		HideSolutionNode = FALSE
	EndGlobalSection
	GlobalSection(ExtensibilityGlobals) = postSolution
		SolutionGuid = {6E0CC962-8F93-41E6-8289-6DA185932DA2}
	EndGlobalSection
EndGlobal
