
Microsoft Visual Studio Solution File, Format Version 12.00
# Visual Studio Version 17
VisualStudioVersion = 17.5.33502.453
MinimumVisualStudioVersion = 10.0.40219.1
Project("{8BC9CEB8-8B4A-11D0-8D11-00A0C91BC942}") = "ImgeList", "ImgeList.vcxproj", "{E5DAAD10-ADD7-4041-9528-DED869DDB8FC}"
EndProject
Project("{8BC9CEB8-8B4A-11D0-8D11-00A0C91BC942}") = "TabCtrl", "..\TabCtrl\TabCtrl.vcxproj", "{EBD6A12C-F192-4193-A6BB-C7B6FB419597}"
EndProject
Project("{8BC9CEB8-8B4A-11D0-8D11-00A0C91BC942}") = "SpinButton", "..\SpinButton\SpinButton.vcxproj", "{7CC02B3E-D222-4385-9A15-CD3206D51C5B}"
EndProject
Project("{8BC9CEB8-8B4A-11D0-8D11-00A0C91BC942}") = "Progress", "..\Progress\Progress.vcxproj", "{A32885F9-4FA0-4F02-9291-AF41FC54918D}"
EndProject
Project("{8BC9CEB8-8B4A-11D0-8D11-00A0C91BC942}") = "ListViewTest", "..\ListViewTest\ListViewTest.vcxproj", "{79A05D60-714A-41A8-80A8-D2E63D12CB2F}"
EndProject
Project("{8BC9CEB8-8B4A-11D0-8D11-00A0C91BC942}") = "TreeViewTest", "..\TreeViewTest\TreeViewTest.vcxproj", "{7AEC7092-D834-406A-BBDC-A4203F15922D}"
EndProject
Project("{8BC9CEB8-8B4A-11D0-8D11-00A0C91BC942}") = "ScrollViewTest", "..\ScrollViewTest\ScrollViewTest.vcxproj", "{A5EB874E-797E-422E-B048-5CA7F1C5875B}"
EndProject
Project("{8BC9CEB8-8B4A-11D0-8D11-00A0C91BC942}") = "OptimizeScroll", "..\OptimizeScroll\OptimizeScroll.vcxproj", "{CE6D91AD-629A-4E65-835A-F67DED1C6777}"
EndProject
Project("{8BC9CEB8-8B4A-11D0-8D11-00A0C91BC942}") = "HtmlViewTest", "..\HtmlViewTest\HtmlViewTest.vcxproj", "{ECDAB192-C89C-47B5-9A34-5844EE4F74CF}"
EndProject
Project("{8BC9CEB8-8B4A-11D0-8D11-00A0C91BC942}") = "WebBrower", "..\WebBrower\WebBrower.vcxproj", "{0D6CDC64-9668-4B4C-A557-E387828B6F43}"
EndProject
Project("{8BC9CEB8-8B4A-11D0-8D11-00A0C91BC942}") = "WorkerThread1", "..\WorkerThread1\WorkerThread1.vcxproj", "{84DDEA18-6406-4017-8628-2F8A2926694A}"
EndProject
Project("{8BC9CEB8-8B4A-11D0-8D11-00A0C91BC942}") = "WorkerThread2", "..\WorkerThread2\WorkerThread2.vcxproj", "{D6CB9999-A10F-4061-A8DB-B65A861CC804}"
EndProject
Project("{8BC9CEB8-8B4A-11D0-8D11-00A0C91BC942}") = "UIThread", "..\UIThread\UIThread.vcxproj", "{27E545F1-8320-4FA2-B699-9CECC2B4F284}"
EndProject
Project("{8BC9CEB8-8B4A-11D0-8D11-00A0C91BC942}") = "CriticalSection", "..\CriticalSection\CriticalSection.vcxproj", "{687EFE97-873F-4890-A760-B69372E3BB9D}"
EndProject
Project("{8BC9CEB8-8B4A-11D0-8D11-00A0C91BC942}") = "Mutex", "..\Mutex\Mutex.vcxproj", "{20974DD4-F1EE-4FEA-BE00-A23FF8FF887F}"
EndProject
Project("{8BC9CEB8-8B4A-11D0-8D11-00A0C91BC942}") = "Event", "..\Event\Event.vcxproj", "{D44F80A6-F314-44D7-865D-8DFCD907BA2A}"
EndProject
Project("{8BC9CEB8-8B4A-11D0-8D11-00A0C91BC942}") = "Semaphore", "..\Semaphore\Semaphore.vcxproj", "{78F01226-691E-47B8-88D8-D1357970F677}"
EndProject
Project("{8BC9CEB8-8B4A-11D0-8D11-00A0C91BC942}") = "TCPServer1", "..\TCPServer1\TCPServer1.vcxproj", "{05E0F819-9A08-48AF-BE69-76FE667DB619}"
EndProject
Project("{8BC9CEB8-8B4A-11D0-8D11-00A0C91BC942}") = "TCPClient1", "..\TCPClient1\TCPClient1.vcxproj", "{1081806E-BE56-4251-8D70-FE8EA3B8F3D6}"
EndProject
Project("{8BC9CEB8-8B4A-11D0-8D11-00A0C91BC942}") = "TCPServer2", "..\TCPServer2\TCPServer2.vcxproj", "{460146FA-F493-4B03-A101-AC9076A4F0F6}"
EndProject
Project("{8BC9CEB8-8B4A-11D0-8D11-00A0C91BC942}") = "TCPClient2", "..\TCPClient2\TCPClient2.vcxproj", "{2E6369BD-1C9F-404D-9A93-F63C20205A25}"
EndProject
Project("{8BC9CEB8-8B4A-11D0-8D11-00A0C91BC942}") = "Calculator", "..\Calculator\Calculator.vcxproj", "{CA8EC574-4048-4943-BD27-E325C252CF02}"
EndProject
Global
	GlobalSection(SolutionConfigurationPlatforms) = preSolution
		Debug|x64 = Debug|x64
		Debug|x86 = Debug|x86
		Release|x64 = Release|x64
		Release|x86 = Release|x86
	EndGlobalSection
	GlobalSection(ProjectConfigurationPlatforms) = postSolution
		{E5DAAD10-ADD7-4041-9528-DED869DDB8FC}.Debug|x64.ActiveCfg = Debug|x64
		{E5DAAD10-ADD7-4041-9528-DED869DDB8FC}.Debug|x64.Build.0 = Debug|x64
		{E5DAAD10-ADD7-4041-9528-DED869DDB8FC}.Debug|x86.ActiveCfg = Debug|Win32
		{E5DAAD10-ADD7-4041-9528-DED869DDB8FC}.Debug|x86.Build.0 = Debug|Win32
		{E5DAAD10-ADD7-4041-9528-DED869DDB8FC}.Release|x64.ActiveCfg = Release|x64
		{E5DAAD10-ADD7-4041-9528-DED869DDB8FC}.Release|x64.Build.0 = Release|x64
		{E5DAAD10-ADD7-4041-9528-DED869DDB8FC}.Release|x86.ActiveCfg = Release|Win32
		{E5DAAD10-ADD7-4041-9528-DED869DDB8FC}.Release|x86.Build.0 = Release|Win32
		{EBD6A12C-F192-4193-A6BB-C7B6FB419597}.Debug|x64.ActiveCfg = Debug|x64
		{EBD6A12C-F192-4193-A6BB-C7B6FB419597}.Debug|x64.Build.0 = Debug|x64
		{EBD6A12C-F192-4193-A6BB-C7B6FB419597}.Debug|x86.ActiveCfg = Debug|Win32
		{EBD6A12C-F192-4193-A6BB-C7B6FB419597}.Debug|x86.Build.0 = Debug|Win32
		{EBD6A12C-F192-4193-A6BB-C7B6FB419597}.Release|x64.ActiveCfg = Release|x64
		{EBD6A12C-F192-4193-A6BB-C7B6FB419597}.Release|x64.Build.0 = Release|x64
		{EBD6A12C-F192-4193-A6BB-C7B6FB419597}.Release|x86.ActiveCfg = Release|Win32
		{EBD6A12C-F192-4193-A6BB-C7B6FB419597}.Release|x86.Build.0 = Release|Win32
		{7CC02B3E-D222-4385-9A15-CD3206D51C5B}.Debug|x64.ActiveCfg = Debug|x64
		{7CC02B3E-D222-4385-9A15-CD3206D51C5B}.Debug|x64.Build.0 = Debug|x64
		{7CC02B3E-D222-4385-9A15-CD3206D51C5B}.Debug|x86.ActiveCfg = Debug|Win32
		{7CC02B3E-D222-4385-9A15-CD3206D51C5B}.Debug|x86.Build.0 = Debug|Win32
		{7CC02B3E-D222-4385-9A15-CD3206D51C5B}.Release|x64.ActiveCfg = Release|x64
		{7CC02B3E-D222-4385-9A15-CD3206D51C5B}.Release|x64.Build.0 = Release|x64
		{7CC02B3E-D222-4385-9A15-CD3206D51C5B}.Release|x86.ActiveCfg = Release|Win32
		{7CC02B3E-D222-4385-9A15-CD3206D51C5B}.Release|x86.Build.0 = Release|Win32
		{A32885F9-4FA0-4F02-9291-AF41FC54918D}.Debug|x64.ActiveCfg = Debug|x64
		{A32885F9-4FA0-4F02-9291-AF41FC54918D}.Debug|x64.Build.0 = Debug|x64
		{A32885F9-4FA0-4F02-9291-AF41FC54918D}.Debug|x86.ActiveCfg = Debug|Win32
		{A32885F9-4FA0-4F02-9291-AF41FC54918D}.Debug|x86.Build.0 = Debug|Win32
		{A32885F9-4FA0-4F02-9291-AF41FC54918D}.Release|x64.ActiveCfg = Release|x64
		{A32885F9-4FA0-4F02-9291-AF41FC54918D}.Release|x64.Build.0 = Release|x64
		{A32885F9-4FA0-4F02-9291-AF41FC54918D}.Release|x86.ActiveCfg = Release|Win32
		{A32885F9-4FA0-4F02-9291-AF41FC54918D}.Release|x86.Build.0 = Release|Win32
		{79A05D60-714A-41A8-80A8-D2E63D12CB2F}.Debug|x64.ActiveCfg = Debug|x64
		{79A05D60-714A-41A8-80A8-D2E63D12CB2F}.Debug|x64.Build.0 = Debug|x64
		{79A05D60-714A-41A8-80A8-D2E63D12CB2F}.Debug|x86.ActiveCfg = Debug|Win32
		{79A05D60-714A-41A8-80A8-D2E63D12CB2F}.Debug|x86.Build.0 = Debug|Win32
		{79A05D60-714A-41A8-80A8-D2E63D12CB2F}.Release|x64.ActiveCfg = Release|x64
		{79A05D60-714A-41A8-80A8-D2E63D12CB2F}.Release|x64.Build.0 = Release|x64
		{79A05D60-714A-41A8-80A8-D2E63D12CB2F}.Release|x86.ActiveCfg = Release|Win32
		{79A05D60-714A-41A8-80A8-D2E63D12CB2F}.Release|x86.Build.0 = Release|Win32
		{7AEC7092-D834-406A-BBDC-A4203F15922D}.Debug|x64.ActiveCfg = Debug|x64
		{7AEC7092-D834-406A-BBDC-A4203F15922D}.Debug|x64.Build.0 = Debug|x64
		{7AEC7092-D834-406A-BBDC-A4203F15922D}.Debug|x86.ActiveCfg = Debug|Win32
		{7AEC7092-D834-406A-BBDC-A4203F15922D}.Debug|x86.Build.0 = Debug|Win32
		{7AEC7092-D834-406A-BBDC-A4203F15922D}.Release|x64.ActiveCfg = Release|x64
		{7AEC7092-D834-406A-BBDC-A4203F15922D}.Release|x64.Build.0 = Release|x64
		{7AEC7092-D834-406A-BBDC-A4203F15922D}.Release|x86.ActiveCfg = Release|Win32
		{7AEC7092-D834-406A-BBDC-A4203F15922D}.Release|x86.Build.0 = Release|Win32
		{A5EB874E-797E-422E-B048-5CA7F1C5875B}.Debug|x64.ActiveCfg = Debug|x64
		{A5EB874E-797E-422E-B048-5CA7F1C5875B}.Debug|x64.Build.0 = Debug|x64
		{A5EB874E-797E-422E-B048-5CA7F1C5875B}.Debug|x86.ActiveCfg = Debug|Win32
		{A5EB874E-797E-422E-B048-5CA7F1C5875B}.Debug|x86.Build.0 = Debug|Win32
		{A5EB874E-797E-422E-B048-5CA7F1C5875B}.Release|x64.ActiveCfg = Release|x64
		{A5EB874E-797E-422E-B048-5CA7F1C5875B}.Release|x64.Build.0 = Release|x64
		{A5EB874E-797E-422E-B048-5CA7F1C5875B}.Release|x86.ActiveCfg = Release|Win32
		{A5EB874E-797E-422E-B048-5CA7F1C5875B}.Release|x86.Build.0 = Release|Win32
		{CE6D91AD-629A-4E65-835A-F67DED1C6777}.Debug|x64.ActiveCfg = Debug|x64
		{CE6D91AD-629A-4E65-835A-F67DED1C6777}.Debug|x64.Build.0 = Debug|x64
		{CE6D91AD-629A-4E65-835A-F67DED1C6777}.Debug|x86.ActiveCfg = Debug|Win32
		{CE6D91AD-629A-4E65-835A-F67DED1C6777}.Debug|x86.Build.0 = Debug|Win32
		{CE6D91AD-629A-4E65-835A-F67DED1C6777}.Release|x64.ActiveCfg = Release|x64
		{CE6D91AD-629A-4E65-835A-F67DED1C6777}.Release|x64.Build.0 = Release|x64
		{CE6D91AD-629A-4E65-835A-F67DED1C6777}.Release|x86.ActiveCfg = Release|Win32
		{CE6D91AD-629A-4E65-835A-F67DED1C6777}.Release|x86.Build.0 = Release|Win32
		{ECDAB192-C89C-47B5-9A34-5844EE4F74CF}.Debug|x64.ActiveCfg = Debug|x64
		{ECDAB192-C89C-47B5-9A34-5844EE4F74CF}.Debug|x64.Build.0 = Debug|x64
		{ECDAB192-C89C-47B5-9A34-5844EE4F74CF}.Debug|x86.ActiveCfg = Debug|Win32
		{ECDAB192-C89C-47B5-9A34-5844EE4F74CF}.Debug|x86.Build.0 = Debug|Win32
		{ECDAB192-C89C-47B5-9A34-5844EE4F74CF}.Release|x64.ActiveCfg = Release|x64
		{ECDAB192-C89C-47B5-9A34-5844EE4F74CF}.Release|x64.Build.0 = Release|x64
		{ECDAB192-C89C-47B5-9A34-5844EE4F74CF}.Release|x86.ActiveCfg = Release|Win32
		{ECDAB192-C89C-47B5-9A34-5844EE4F74CF}.Release|x86.Build.0 = Release|Win32
		{0D6CDC64-9668-4B4C-A557-E387828B6F43}.Debug|x64.ActiveCfg = Debug|x64
		{0D6CDC64-9668-4B4C-A557-E387828B6F43}.Debug|x64.Build.0 = Debug|x64
		{0D6CDC64-9668-4B4C-A557-E387828B6F43}.Debug|x86.ActiveCfg = Debug|Win32
		{0D6CDC64-9668-4B4C-A557-E387828B6F43}.Debug|x86.Build.0 = Debug|Win32
		{0D6CDC64-9668-4B4C-A557-E387828B6F43}.Release|x64.ActiveCfg = Release|x64
		{0D6CDC64-9668-4B4C-A557-E387828B6F43}.Release|x64.Build.0 = Release|x64
		{0D6CDC64-9668-4B4C-A557-E387828B6F43}.Release|x86.ActiveCfg = Release|Win32
		{0D6CDC64-9668-4B4C-A557-E387828B6F43}.Release|x86.Build.0 = Release|Win32
		{84DDEA18-6406-4017-8628-2F8A2926694A}.Debug|x64.ActiveCfg = Debug|x64
		{84DDEA18-6406-4017-8628-2F8A2926694A}.Debug|x64.Build.0 = Debug|x64
		{84DDEA18-6406-4017-8628-2F8A2926694A}.Debug|x86.ActiveCfg = Debug|Win32
		{84DDEA18-6406-4017-8628-2F8A2926694A}.Debug|x86.Build.0 = Debug|Win32
		{84DDEA18-6406-4017-8628-2F8A2926694A}.Release|x64.ActiveCfg = Release|x64
		{84DDEA18-6406-4017-8628-2F8A2926694A}.Release|x64.Build.0 = Release|x64
		{84DDEA18-6406-4017-8628-2F8A2926694A}.Release|x86.ActiveCfg = Release|Win32
		{84DDEA18-6406-4017-8628-2F8A2926694A}.Release|x86.Build.0 = Release|Win32
		{D6CB9999-A10F-4061-A8DB-B65A861CC804}.Debug|x64.ActiveCfg = Debug|x64
		{D6CB9999-A10F-4061-A8DB-B65A861CC804}.Debug|x64.Build.0 = Debug|x64
		{D6CB9999-A10F-4061-A8DB-B65A861CC804}.Debug|x86.ActiveCfg = Debug|Win32
		{D6CB9999-A10F-4061-A8DB-B65A861CC804}.Debug|x86.Build.0 = Debug|Win32
		{D6CB9999-A10F-4061-A8DB-B65A861CC804}.Release|x64.ActiveCfg = Release|x64
		{D6CB9999-A10F-4061-A8DB-B65A861CC804}.Release|x64.Build.0 = Release|x64
		{D6CB9999-A10F-4061-A8DB-B65A861CC804}.Release|x86.ActiveCfg = Release|Win32
		{D6CB9999-A10F-4061-A8DB-B65A861CC804}.Release|x86.Build.0 = Release|Win32
		{27E545F1-8320-4FA2-B699-9CECC2B4F284}.Debug|x64.ActiveCfg = Debug|x64
		{27E545F1-8320-4FA2-B699-9CECC2B4F284}.Debug|x64.Build.0 = Debug|x64
		{27E545F1-8320-4FA2-B699-9CECC2B4F284}.Debug|x86.ActiveCfg = Debug|Win32
		{27E545F1-8320-4FA2-B699-9CECC2B4F284}.Debug|x86.Build.0 = Debug|Win32
		{27E545F1-8320-4FA2-B699-9CECC2B4F284}.Release|x64.ActiveCfg = Release|x64
		{27E545F1-8320-4FA2-B699-9CECC2B4F284}.Release|x64.Build.0 = Release|x64
		{27E545F1-8320-4FA2-B699-9CECC2B4F284}.Release|x86.ActiveCfg = Release|Win32
		{27E545F1-8320-4FA2-B699-9CECC2B4F284}.Release|x86.Build.0 = Release|Win32
		{687EFE97-873F-4890-A760-B69372E3BB9D}.Debug|x64.ActiveCfg = Debug|x64
		{687EFE97-873F-4890-A760-B69372E3BB9D}.Debug|x64.Build.0 = Debug|x64
		{687EFE97-873F-4890-A760-B69372E3BB9D}.Debug|x86.ActiveCfg = Debug|Win32
		{687EFE97-873F-4890-A760-B69372E3BB9D}.Debug|x86.Build.0 = Debug|Win32
		{687EFE97-873F-4890-A760-B69372E3BB9D}.Release|x64.ActiveCfg = Release|x64
		{687EFE97-873F-4890-A760-B69372E3BB9D}.Release|x64.Build.0 = Release|x64
		{687EFE97-873F-4890-A760-B69372E3BB9D}.Release|x86.ActiveCfg = Release|Win32
		{687EFE97-873F-4890-A760-B69372E3BB9D}.Release|x86.Build.0 = Release|Win32
		{20974DD4-F1EE-4FEA-BE00-A23FF8FF887F}.Debug|x64.ActiveCfg = Debug|x64
		{20974DD4-F1EE-4FEA-BE00-A23FF8FF887F}.Debug|x64.Build.0 = Debug|x64
		{20974DD4-F1EE-4FEA-BE00-A23FF8FF887F}.Debug|x86.ActiveCfg = Debug|Win32
		{20974DD4-F1EE-4FEA-BE00-A23FF8FF887F}.Debug|x86.Build.0 = Debug|Win32
		{20974DD4-F1EE-4FEA-BE00-A23FF8FF887F}.Release|x64.ActiveCfg = Release|x64
		{20974DD4-F1EE-4FEA-BE00-A23FF8FF887F}.Release|x64.Build.0 = Release|x64
		{20974DD4-F1EE-4FEA-BE00-A23FF8FF887F}.Release|x86.ActiveCfg = Release|Win32
		{20974DD4-F1EE-4FEA-BE00-A23FF8FF887F}.Release|x86.Build.0 = Release|Win32
		{D44F80A6-F314-44D7-865D-8DFCD907BA2A}.Debug|x64.ActiveCfg = Debug|x64
		{D44F80A6-F314-44D7-865D-8DFCD907BA2A}.Debug|x64.Build.0 = Debug|x64
		{D44F80A6-F314-44D7-865D-8DFCD907BA2A}.Debug|x86.ActiveCfg = Debug|Win32
		{D44F80A6-F314-44D7-865D-8DFCD907BA2A}.Debug|x86.Build.0 = Debug|Win32
		{D44F80A6-F314-44D7-865D-8DFCD907BA2A}.Release|x64.ActiveCfg = Release|x64
		{D44F80A6-F314-44D7-865D-8DFCD907BA2A}.Release|x64.Build.0 = Release|x64
		{D44F80A6-F314-44D7-865D-8DFCD907BA2A}.Release|x86.ActiveCfg = Release|Win32
		{D44F80A6-F314-44D7-865D-8DFCD907BA2A}.Release|x86.Build.0 = Release|Win32
		{78F01226-691E-47B8-88D8-D1357970F677}.Debug|x64.ActiveCfg = Debug|x64
		{78F01226-691E-47B8-88D8-D1357970F677}.Debug|x64.Build.0 = Debug|x64
		{78F01226-691E-47B8-88D8-D1357970F677}.Debug|x86.ActiveCfg = Debug|Win32
		{78F01226-691E-47B8-88D8-D1357970F677}.Debug|x86.Build.0 = Debug|Win32
		{78F01226-691E-47B8-88D8-D1357970F677}.Release|x64.ActiveCfg = Release|x64
		{78F01226-691E-47B8-88D8-D1357970F677}.Release|x64.Build.0 = Release|x64
		{78F01226-691E-47B8-88D8-D1357970F677}.Release|x86.ActiveCfg = Release|Win32
		{78F01226-691E-47B8-88D8-D1357970F677}.Release|x86.Build.0 = Release|Win32
		{05E0F819-9A08-48AF-BE69-76FE667DB619}.Debug|x64.ActiveCfg = Debug|x64
		{05E0F819-9A08-48AF-BE69-76FE667DB619}.Debug|x64.Build.0 = Debug|x64
		{05E0F819-9A08-48AF-BE69-76FE667DB619}.Debug|x86.ActiveCfg = Debug|Win32
		{05E0F819-9A08-48AF-BE69-76FE667DB619}.Debug|x86.Build.0 = Debug|Win32
		{05E0F819-9A08-48AF-BE69-76FE667DB619}.Release|x64.ActiveCfg = Release|x64
		{05E0F819-9A08-48AF-BE69-76FE667DB619}.Release|x64.Build.0 = Release|x64
		{05E0F819-9A08-48AF-BE69-76FE667DB619}.Release|x86.ActiveCfg = Release|Win32
		{05E0F819-9A08-48AF-BE69-76FE667DB619}.Release|x86.Build.0 = Release|Win32
		{1081806E-BE56-4251-8D70-FE8EA3B8F3D6}.Debug|x64.ActiveCfg = Debug|x64
		{1081806E-BE56-4251-8D70-FE8EA3B8F3D6}.Debug|x64.Build.0 = Debug|x64
		{1081806E-BE56-4251-8D70-FE8EA3B8F3D6}.Debug|x86.ActiveCfg = Debug|Win32
		{1081806E-BE56-4251-8D70-FE8EA3B8F3D6}.Debug|x86.Build.0 = Debug|Win32
		{1081806E-BE56-4251-8D70-FE8EA3B8F3D6}.Release|x64.ActiveCfg = Release|x64
		{1081806E-BE56-4251-8D70-FE8EA3B8F3D6}.Release|x64.Build.0 = Release|x64
		{1081806E-BE56-4251-8D70-FE8EA3B8F3D6}.Release|x86.ActiveCfg = Release|Win32
		{1081806E-BE56-4251-8D70-FE8EA3B8F3D6}.Release|x86.Build.0 = Release|Win32
		{460146FA-F493-4B03-A101-AC9076A4F0F6}.Debug|x64.ActiveCfg = Debug|x64
		{460146FA-F493-4B03-A101-AC9076A4F0F6}.Debug|x64.Build.0 = Debug|x64
		{460146FA-F493-4B03-A101-AC9076A4F0F6}.Debug|x86.ActiveCfg = Debug|Win32
		{460146FA-F493-4B03-A101-AC9076A4F0F6}.Debug|x86.Build.0 = Debug|Win32
		{460146FA-F493-4B03-A101-AC9076A4F0F6}.Release|x64.ActiveCfg = Release|x64
		{460146FA-F493-4B03-A101-AC9076A4F0F6}.Release|x64.Build.0 = Release|x64
		{460146FA-F493-4B03-A101-AC9076A4F0F6}.Release|x86.ActiveCfg = Release|Win32
		{460146FA-F493-4B03-A101-AC9076A4F0F6}.Release|x86.Build.0 = Release|Win32
		{2E6369BD-1C9F-404D-9A93-F63C20205A25}.Debug|x64.ActiveCfg = Debug|x64
		{2E6369BD-1C9F-404D-9A93-F63C20205A25}.Debug|x64.Build.0 = Debug|x64
		{2E6369BD-1C9F-404D-9A93-F63C20205A25}.Debug|x86.ActiveCfg = Debug|Win32
		{2E6369BD-1C9F-404D-9A93-F63C20205A25}.Debug|x86.Build.0 = Debug|Win32
		{2E6369BD-1C9F-404D-9A93-F63C20205A25}.Release|x64.ActiveCfg = Release|x64
		{2E6369BD-1C9F-404D-9A93-F63C20205A25}.Release|x64.Build.0 = Release|x64
		{2E6369BD-1C9F-404D-9A93-F63C20205A25}.Release|x86.ActiveCfg = Release|Win32
		{2E6369BD-1C9F-404D-9A93-F63C20205A25}.Release|x86.Build.0 = Release|Win32
		{CA8EC574-4048-4943-BD27-E325C252CF02}.Debug|x64.ActiveCfg = Debug|x64
		{CA8EC574-4048-4943-BD27-E325C252CF02}.Debug|x64.Build.0 = Debug|x64
		{CA8EC574-4048-4943-BD27-E325C252CF02}.Debug|x86.ActiveCfg = Debug|Win32
		{CA8EC574-4048-4943-BD27-E325C252CF02}.Debug|x86.Build.0 = Debug|Win32
		{CA8EC574-4048-4943-BD27-E325C252CF02}.Release|x64.ActiveCfg = Release|x64
		{CA8EC574-4048-4943-BD27-E325C252CF02}.Release|x64.Build.0 = Release|x64
		{CA8EC574-4048-4943-BD27-E325C252CF02}.Release|x86.ActiveCfg = Release|Win32
		{CA8EC574-4048-4943-BD27-E325C252CF02}.Release|x86.Build.0 = Release|Win32
	EndGlobalSection
	GlobalSection(SolutionProperties) = preSolution
		HideSolutionNode = FALSE
	EndGlobalSection
	GlobalSection(ExtensibilityGlobals) = postSolution
		SolutionGuid = {6E0CC962-8F93-41E6-8289-6DA185932DA2}
	EndGlobalSection
EndGlobal
